
Microsoft Visual Studio Solution File, Format Version 12.00
# Visual Studio Version 16
VisualStudioVersion = 16.0.32002.261
MinimumVisualStudioVersion = 10.0.40219.1
Project("{FAE04EC0-301F-11D3-BF4B-00C04F79EFBC}") = "Tablelist", "Tablelist\Tablelist.csproj", "{1453F563-8FB6-4D7A-8BBA-510DC64B5E29}"
EndProject
Global
	GlobalSection(SolutionConfigurationPlatforms) = preSolution
		Debug|Any CPU = Debug|Any CPU
		Release|Any CPU = Release|Any CPU
	EndGlobalSection
	GlobalSection(ProjectConfigurationPlatforms) = postSolution
		{1453F563-8FB6-4D7A-8BBA-510DC64B5E29}.Debug|Any CPU.ActiveCfg = Debug|Any CPU
		{1453F563-8FB6-4D7A-8BBA-510DC64B5E29}.Debug|Any CPU.Build.0 = Debug|Any CPU
		{1453F563-8FB6-4D7A-8BBA-510DC64B5E29}.Release|Any CPU.ActiveCfg = Release|Any CPU
		{1453F563-8FB6-4D7A-8BBA-510DC64B5E29}.Release|Any CPU.Build.0 = Release|Any CPU
	EndGlobalSection
	GlobalSection(SolutionProperties) = preSolution
		HideSolutionNode = FALSE
	EndGlobalSection
	GlobalSection(ExtensibilityGlobals) = postSolution
		SolutionGuid = {BF7A4F4C-EC06-467E-8000-B881B0F028DC}
	EndGlobalSection
EndGlobal
