
Microsoft Visual Studio Solution File, Format Version 12.00
# Visual Studio Version 16
VisualStudioVersion = 16.0.32002.261
MinimumVisualStudioVersion = 10.0.40219.1
Project("{FAE04EC0-301F-11D3-BF4B-00C04F79EFBC}") = "BsForms", "BsForms\BsForms.csproj", "{571B3B30-3A8F-4A9D-AE42-978044222E12}"
EndProject
Global
	GlobalSection(SolutionConfigurationPlatforms) = preSolution
		Debug|Any CPU = Debug|Any CPU
		Release|Any CPU = Release|Any CPU
	EndGlobalSection
	GlobalSection(ProjectConfigurationPlatforms) = postSolution
		{571B3B30-3A8F-4A9D-AE42-978044222E12}.Debug|Any CPU.ActiveCfg = Debug|Any CPU
		{571B3B30-3A8F-4A9D-AE42-978044222E12}.Debug|Any CPU.Build.0 = Debug|Any CPU
		{571B3B30-3A8F-4A9D-AE42-978044222E12}.Release|Any CPU.ActiveCfg = Release|Any CPU
		{571B3B30-3A8F-4A9D-AE42-978044222E12}.Release|Any CPU.Build.0 = Release|Any CPU
	EndGlobalSection
	GlobalSection(SolutionProperties) = preSolution
		HideSolutionNode = FALSE
	EndGlobalSection
	GlobalSection(ExtensibilityGlobals) = postSolution
		SolutionGuid = {4A92C172-6E24-4A87-928D-FEFADE5C44EA}
	EndGlobalSection
EndGlobal
