
Microsoft Visual Studio Solution File, Format Version 12.00
# Visual Studio Version 16
VisualStudioVersion = 16.0.32002.261
MinimumVisualStudioVersion = 10.0.40219.1
Project("{FAE04EC0-301F-11D3-BF4B-00C04F79EFBC}") = "BsTables", "BsTables\BsTables.csproj", "{365F75F1-09D7-4319-A111-56AF84013C44}"
EndProject
Global
	GlobalSection(SolutionConfigurationPlatforms) = preSolution
		Debug|Any CPU = Debug|Any CPU
		Release|Any CPU = Release|Any CPU
	EndGlobalSection
	GlobalSection(ProjectConfigurationPlatforms) = postSolution
		{365F75F1-09D7-4319-A111-56AF84013C44}.Debug|Any CPU.ActiveCfg = Debug|Any CPU
		{365F75F1-09D7-4319-A111-56AF84013C44}.Debug|Any CPU.Build.0 = Debug|Any CPU
		{365F75F1-09D7-4319-A111-56AF84013C44}.Release|Any CPU.ActiveCfg = Release|Any CPU
		{365F75F1-09D7-4319-A111-56AF84013C44}.Release|Any CPU.Build.0 = Release|Any CPU
	EndGlobalSection
	GlobalSection(SolutionProperties) = preSolution
		HideSolutionNode = FALSE
	EndGlobalSection
	GlobalSection(ExtensibilityGlobals) = postSolution
		SolutionGuid = {5A0C6074-C64E-498B-9E21-BFCDA19D0E00}
	EndGlobalSection
EndGlobal
